Microsoft Visual Studio Solution File, Format Version 12.00
# Visual Studio Version 17
VisualStudioVersion = 17.5.2.0
MinimumVisualStudioVersion = 10.0.40219.1
Project("{FAE04EC0-301F-11D3-BF4B-00C04F79EFBC}") = "CosmosDb.ChangeFeedProcessor", "CosmosDb.ChangeFeedProcessor.csproj", "{D16C07E8-B677-B79F-591E-3DCB4CB0A73E}"
EndProject
Global
	GlobalSection(SolutionConfigurationPlatforms) = preSolution
		Debug|Any CPU = Debug|Any CPU
		Release|Any CPU = Release|Any CPU
	EndGlobalSection
	GlobalSection(ProjectConfigurationPlatforms) = postSolution
		{D16C07E8-B677-B79F-591E-3DCB4CB0A73E}.Debug|Any CPU.ActiveCfg = Debug|Any CPU
		{D16C07E8-B677-B79F-591E-3DCB4CB0A73E}.Debug|Any CPU.Build.0 = Debug|Any CPU
		{D16C07E8-B677-B79F-591E-3DCB4CB0A73E}.Release|Any CPU.ActiveCfg = Release|Any CPU
		{D16C07E8-B677-B79F-591E-3DCB4CB0A73E}.Release|Any CPU.Build.0 = Release|Any CPU
	EndGlobalSection
	GlobalSection(SolutionProperties) = preSolution
		HideSolutionNode = FALSE
	EndGlobalSection
	GlobalSection(ExtensibilityGlobals) = postSolution
		SolutionGuid = {9F79834F-E299-4616-A80A-25AD09CB39E8}
	EndGlobalSection
EndGlobal
